
Microsoft Visual Studio Solution File, Format Version 12.00
# Visual Studio 15
VisualStudioVersion = 15.0.28307.271
MinimumVisualStudioVersion = 10.0.40219.1
Project("{9A19103F-16F7-4668-BE54-9A1E7A4F7556}") = "WiredBrainCoffee.EventHub.Reciever.Direct", "WiredBrainCoffee.EventHub.Reciever.Direct\WiredBrainCoffee.EventHub.Reciever.Direct.csproj", "{22606A59-38F6-424F-AF9F-1A414C1DEAB8}"
EndProject
Project("{9A19103F-16F7-4668-BE54-9A1E7A4F7556}") = "WiredBrainCoffee.EventHub.Rcver.AllPartition", "WiredBrainCoffee.EventHub.Rcver.AllPartition\WiredBrainCoffee.EventHub.Rcver.AllPartition.csproj", "{62BEBC05-34CD-41FD-90AE-44E5B440BA76}"
EndProject
Project("{FAE04EC0-301F-11D3-BF4B-00C04F79EFBC}") = "WBCoffee.EventHub.Recievr.Processor", "WBCoffee.EventHub.Recievr.Processor\WBCoffee.EventHub.Recievr.Processor.csproj", "{5E41D9D4-657F-4775-8249-3B0DFDCC730E}"
EndProject
Project("{FAE04EC0-301F-11D3-BF4B-00C04F79EFBC}") = "WiredBrainCoffee.EventHub.Model", "WiredBrainCoffee.EventHub.Model\WiredBrainCoffee.EventHub.Model.csproj", "{7EBFA56F-882B-4C2F-B4A9-02A8ABCFEA4E}"
EndProject
Global
	GlobalSection(SolutionConfigurationPlatforms) = preSolution
		Debug|Any CPU = Debug|Any CPU
		Release|Any CPU = Release|Any CPU
	EndGlobalSection
	GlobalSection(ProjectConfigurationPlatforms) = postSolution
		{22606A59-38F6-424F-AF9F-1A414C1DEAB8}.Debug|Any CPU.ActiveCfg = Debug|Any CPU
		{22606A59-38F6-424F-AF9F-1A414C1DEAB8}.Debug|Any CPU.Build.0 = Debug|Any CPU
		{22606A59-38F6-424F-AF9F-1A414C1DEAB8}.Release|Any CPU.ActiveCfg = Release|Any CPU
		{22606A59-38F6-424F-AF9F-1A414C1DEAB8}.Release|Any CPU.Build.0 = Release|Any CPU
		{62BEBC05-34CD-41FD-90AE-44E5B440BA76}.Debug|Any CPU.ActiveCfg = Debug|Any CPU
		{62BEBC05-34CD-41FD-90AE-44E5B440BA76}.Debug|Any CPU.Build.0 = Debug|Any CPU
		{62BEBC05-34CD-41FD-90AE-44E5B440BA76}.Release|Any CPU.ActiveCfg = Release|Any CPU
		{62BEBC05-34CD-41FD-90AE-44E5B440BA76}.Release|Any CPU.Build.0 = Release|Any CPU
		{5E41D9D4-657F-4775-8249-3B0DFDCC730E}.Debug|Any CPU.ActiveCfg = Debug|Any CPU
		{5E41D9D4-657F-4775-8249-3B0DFDCC730E}.Debug|Any CPU.Build.0 = Debug|Any CPU
		{5E41D9D4-657F-4775-8249-3B0DFDCC730E}.Release|Any CPU.ActiveCfg = Release|Any CPU
		{5E41D9D4-657F-4775-8249-3B0DFDCC730E}.Release|Any CPU.Build.0 = Release|Any CPU
		{7EBFA56F-882B-4C2F-B4A9-02A8ABCFEA4E}.Debug|Any CPU.ActiveCfg = Debug|Any CPU
		{7EBFA56F-882B-4C2F-B4A9-02A8ABCFEA4E}.Debug|Any CPU.Build.0 = Debug|Any CPU
		{7EBFA56F-882B-4C2F-B4A9-02A8ABCFEA4E}.Release|Any CPU.ActiveCfg = Release|Any CPU
		{7EBFA56F-882B-4C2F-B4A9-02A8ABCFEA4E}.Release|Any CPU.Build.0 = Release|Any CPU
	EndGlobalSection
	GlobalSection(SolutionProperties) = preSolution
		HideSolutionNode = FALSE
	EndGlobalSection
	GlobalSection(ExtensibilityGlobals) = postSolution
		SolutionGuid = {BD370D3C-CDB1-4876-8615-D52D6A736FAB}
	EndGlobalSection
EndGlobal
